
Microsoft Visual Studio Solution File, Format Version 12.00
# Visual Studio 15
VisualStudioVersion = 15.0.27428.2037
MinimumVisualStudioVersion = 10.0.40219.1
Project("{FAE04EC0-301F-11D3-BF4B-00C04F79EFBC}") = "FunctionApp3", "FunctionApp3\FunctionApp3.csproj", "{9AABAC1D-E9CE-4D33-8466-CE54A940AA69}"
EndProject
Global
	GlobalSection(SolutionConfigurationPlatforms) = preSolution
		Debug|Any CPU = Debug|Any CPU
		Release|Any CPU = Release|Any CPU
	EndGlobalSection
	GlobalSection(ProjectConfigurationPlatforms) = postSolution
		{9AABAC1D-E9CE-4D33-8466-CE54A940AA69}.Debug|Any CPU.ActiveCfg = Debug|Any CPU
		{9AABAC1D-E9CE-4D33-8466-CE54A940AA69}.Debug|Any CPU.Build.0 = Debug|Any CPU
		{9AABAC1D-E9CE-4D33-8466-CE54A940AA69}.Release|Any CPU.ActiveCfg = Release|Any CPU
		{9AABAC1D-E9CE-4D33-8466-CE54A940AA69}.Release|Any CPU.Build.0 = Release|Any CPU
	EndGlobalSection
	GlobalSection(SolutionProperties) = preSolution
		HideSolutionNode = FALSE
	EndGlobalSection
	GlobalSection(ExtensibilityGlobals) = postSolution
		SolutionGuid = {5E912252-AA6A-4CEA-87E1-EA8B87C64C2A}
	EndGlobalSection
EndGlobal
